
Microsoft Visual Studio Solution File, Format Version 12.00
# Visual Studio Version 16
VisualStudioVersion = 16.0.31105.61
MinimumVisualStudioVersion = 10.0.40219.1
Project("{D954291E-2A0B-460D-934E-DC6B0785DB48}") = "First.Shared", "First\First.Shared\First.Shared.shproj", "{6279C845-92F8-4333-AB99-3D213163593C}"
EndProject
Project("{2150E333-8FDC-42A3-9474-1A3956D46DE8}") = "Platforms", "Platforms", "{C47AF156-21C8-4743-9A95-AF5E2341C3D5}"
EndProject
Project("{FAE04EC0-301F-11D3-BF4B-00C04F79EFBC}") = "First.Droid", "First\First.Droid\First.Droid.csproj", "{11181D0A-B0C2-428D-90FF-1C00BE902F17}"
EndProject
Project("{FAE04EC0-301F-11D3-BF4B-00C04F79EFBC}") = "First.iOS", "First\First.iOS\First.iOS.csproj", "{D4C0E0B1-F094-4B1A-A6DF-75CF082BBDED}"
EndProject
Project("{FAE04EC0-301F-11D3-BF4B-00C04F79EFBC}") = "First.UWP", "First\First.UWP\First.UWP.csproj", "{9D3CC384-8AE8-4315-A6DF-E2D1215FFCE2}"
EndProject
Project("{FAE04EC0-301F-11D3-BF4B-00C04F79EFBC}") = "First.Wasm", "First\First.Wasm\First.Wasm.csproj", "{6787418C-0D7F-40FE-B64D-C325747FEBB6}"
EndProject
Project("{FAE04EC0-301F-11D3-BF4B-00C04F79EFBC}") = "First.macOS", "First\First.macOS\First.macOS.csproj", "{0BEA9F0D-D34D-4EFA-A411-333A9FE90F21}"
EndProject
Project("{FAE04EC0-301F-11D3-BF4B-00C04F79EFBC}") = "First.Skia.Wpf.Host", "First\First.Skia.Wpf.Host\First.Skia.Wpf.Host.csproj", "{47E9B4B2-C479-4435-9C46-8F5841512023}"
EndProject
Project("{FAE04EC0-301F-11D3-BF4B-00C04F79EFBC}") = "First.Skia.Wpf", "First\First.Skia.Wpf\First.Skia.Wpf.csproj", "{095EDF98-2127-403C-9A1E-93EE01C12495}"
EndProject
Project("{FAE04EC0-301F-11D3-BF4B-00C04F79EFBC}") = "First.Skia.Gtk", "First\First.Skia.Gtk\First.Skia.Gtk.csproj", "{56BCAEEF-2B4C-4D6C-BD76-35FA3828EFEC}"
EndProject
Project("{FAE04EC0-301F-11D3-BF4B-00C04F79EFBC}") = "First.Skia.Tizen", "First\First.Skia.Tizen\First.Skia.Tizen.csproj", "{A332A351-1336-4B2E-9191-93CAF44AFD58}"
EndProject
Global
	GlobalSection(SharedMSBuildProjectFiles) = preSolution
		First\First.Shared\First.Shared.projitems*{095edf98-2127-403c-9a1e-93ee01c12495}*SharedItemsImports = 5
		First\First.Shared\First.Shared.projitems*{0bea9f0d-d34d-4efa-a411-333a9fe90f21}*SharedItemsImports = 4
		First\First.Shared\First.Shared.projitems*{11181d0a-b0c2-428d-90ff-1c00be902f17}*SharedItemsImports = 4
		First\First.Shared\First.Shared.projitems*{56bcaeef-2b4c-4d6c-bd76-35fa3828efec}*SharedItemsImports = 5
		First\First.Shared\First.Shared.projitems*{6279c845-92f8-4333-ab99-3d213163593c}*SharedItemsImports = 13
		First\First.Shared\First.Shared.projitems*{6787418c-0d7f-40fe-b64d-c325747febb6}*SharedItemsImports = 5
		First\First.Shared\First.Shared.projitems*{9d3cc384-8ae8-4315-a6df-e2d1215ffce2}*SharedItemsImports = 4
		First\First.Shared\First.Shared.projitems*{a332a351-1336-4b2e-9191-93caf44afd58}*SharedItemsImports = 5
		First\First.Shared\First.Shared.projitems*{d4c0e0b1-f094-4b1a-a6df-75cf082bbded}*SharedItemsImports = 4
	EndGlobalSection
	GlobalSection(SolutionConfigurationPlatforms) = preSolution
		Ad-Hoc|Any CPU = Ad-Hoc|Any CPU
		Ad-Hoc|ARM = Ad-Hoc|ARM
		Ad-Hoc|ARM64 = Ad-Hoc|ARM64
		Ad-Hoc|iPhone = Ad-Hoc|iPhone
		Ad-Hoc|iPhoneSimulator = Ad-Hoc|iPhoneSimulator
		Ad-Hoc|x64 = Ad-Hoc|x64
		Ad-Hoc|x86 = Ad-Hoc|x86
		AppStore|Any CPU = AppStore|Any CPU
		AppStore|ARM = AppStore|ARM
		AppStore|ARM64 = AppStore|ARM64
		AppStore|iPhone = AppStore|iPhone
		AppStore|iPhoneSimulator = AppStore|iPhoneSimulator
		AppStore|x64 = AppStore|x64
		AppStore|x86 = AppStore|x86
		Debug|Any CPU = Debug|Any CPU
		Debug|ARM = Debug|ARM
		Debug|ARM64 = Debug|ARM64
		Debug|iPhone = Debug|iPhone
		Debug|iPhoneSimulator = Debug|iPhoneSimulator
		Debug|x64 = Debug|x64
		Debug|x86 = Debug|x86
		Release|Any CPU = Release|Any CPU
		Release|ARM = Release|ARM
		Release|ARM64 = Release|ARM64
		Release|iPhone = Release|iPhone
		Release|iPhoneSimulator = Release|iPhoneSimulator
		Release|x64 = Release|x64
		Release|x86 = Release|x86
	EndGlobalSection
	GlobalSection(ProjectConfigurationPlatforms) = postSolution
		{11181D0A-B0C2-428D-90FF-1C00BE902F17}.Ad-Hoc|Any CPU.ActiveCfg = Debug|Any CPU
		{11181D0A-B0C2-428D-90FF-1C00BE902F17}.Ad-Hoc|Any CPU.Build.0 = Debug|Any CPU
		{11181D0A-B0C2-428D-90FF-1C00BE902F17}.Ad-Hoc|Any CPU.Deploy.0 = Debug|Any CPU
		{11181D0A-B0C2-428D-90FF-1C00BE902F17}.Ad-Hoc|ARM.ActiveCfg = Debug|Any CPU
		{11181D0A-B0C2-428D-90FF-1C00BE902F17}.Ad-Hoc|ARM.Build.0 = Debug|Any CPU
		{11181D0A-B0C2-428D-90FF-1C00BE902F17}.Ad-Hoc|ARM.Deploy.0 = Debug|Any CPU
		{11181D0A-B0C2-428D-90FF-1C00BE902F17}.Ad-Hoc|ARM64.ActiveCfg = Debug|Any CPU
		{11181D0A-B0C2-428D-90FF-1C00BE902F17}.Ad-Hoc|ARM64.Build.0 = Debug|Any CPU
		{11181D0A-B0C2-428D-90FF-1C00BE902F17}.Ad-Hoc|ARM64.Deploy.0 = Debug|Any CPU
		{11181D0A-B0C2-428D-90FF-1C00BE902F17}.Ad-Hoc|iPhone.ActiveCfg = Debug|Any CPU
		{11181D0A-B0C2-428D-90FF-1C00BE902F17}.Ad-Hoc|iPhone.Build.0 = Debug|Any CPU
		{11181D0A-B0C2-428D-90FF-1C00BE902F17}.Ad-Hoc|iPhone.Deploy.0 = Debug|Any CPU
		{11181D0A-B0C2-428D-90FF-1C00BE902F17}.Ad-Hoc|iPhoneSimulator.ActiveCfg = Debug|Any CPU
		{11181D0A-B0C2-428D-90FF-1C00BE902F17}.Ad-Hoc|iPhoneSimulator.Build.0 = Debug|Any CPU
		{11181D0A-B0C2-428D-90FF-1C00BE902F17}.Ad-Hoc|iPhoneSimulator.Deploy.0 = Debug|Any CPU
		{11181D0A-B0C2-428D-90FF-1C00BE902F17}.Ad-Hoc|x64.ActiveCfg = Debug|Any CPU
		{11181D0A-B0C2-428D-90FF-1C00BE902F17}.Ad-Hoc|x64.Build.0 = Debug|Any CPU
		{11181D0A-B0C2-428D-90FF-1C00BE902F17}.Ad-Hoc|x64.Deploy.0 = Debug|Any CPU
		{11181D0A-B0C2-428D-90FF-1C00BE902F17}.Ad-Hoc|x86.ActiveCfg = Debug|Any CPU
		{11181D0A-B0C2-428D-90FF-1C00BE902F17}.Ad-Hoc|x86.Build.0 = Debug|Any CPU
		{11181D0A-B0C2-428D-90FF-1C00BE902F17}.Ad-Hoc|x86.Deploy.0 = Debug|Any CPU
		{11181D0A-B0C2-428D-90FF-1C00BE902F17}.AppStore|Any CPU.ActiveCfg = Debug|Any CPU
		{11181D0A-B0C2-428D-90FF-1C00BE902F17}.AppStore|Any CPU.Build.0 = Debug|Any CPU
		{11181D0A-B0C2-428D-90FF-1C00BE902F17}.AppStore|Any CPU.Deploy.0 = Debug|Any CPU
		{11181D0A-B0C2-428D-90FF-1C00BE902F17}.AppStore|ARM.ActiveCfg = Debug|Any CPU
		{11181D0A-B0C2-428D-90FF-1C00BE902F17}.AppStore|ARM.Build.0 = Debug|Any CPU
		{11181D0A-B0C2-428D-90FF-1C00BE902F17}.AppStore|ARM.Deploy.0 = Debug|Any CPU
		{11181D0A-B0C2-428D-90FF-1C00BE902F17}.AppStore|ARM64.ActiveCfg = Debug|Any CPU
		{11181D0A-B0C2-428D-90FF-1C00BE902F17}.AppStore|ARM64.Build.0 = Debug|Any CPU
		{11181D0A-B0C2-428D-90FF-1C00BE902F17}.AppStore|ARM64.Deploy.0 = Debug|Any CPU
		{11181D0A-B0C2-428D-90FF-1C00BE902F17}.AppStore|iPhone.ActiveCfg = Debug|Any CPU
		{11181D0A-B0C2-428D-90FF-1C00BE902F17}.AppStore|iPhone.Build.0 = Debug|Any CPU
		{11181D0A-B0C2-428D-90FF-1C00BE902F17}.AppStore|iPhone.Deploy.0 = Debug|Any CPU
		{11181D0A-B0C2-428D-90FF-1C00BE902F17}.AppStore|iPhoneSimulator.ActiveCfg = Debug|Any CPU
		{11181D0A-B0C2-428D-90FF-1C00BE902F17}.AppStore|iPhoneSimulator.Build.0 = Debug|Any CPU
		{11181D0A-B0C2-428D-90FF-1C00BE902F17}.AppStore|iPhoneSimulator.Deploy.0 = Debug|Any CPU
		{11181D0A-B0C2-428D-90FF-1C00BE902F17}.AppStore|x64.ActiveCfg = Debug|Any CPU
		{11181D0A-B0C2-428D-90FF-1C00BE902F17}.AppStore|x64.Build.0 = Debug|Any CPU
		{11181D0A-B0C2-428D-90FF-1C00BE902F17}.AppStore|x64.Deploy.0 = Debug|Any CPU
		{11181D0A-B0C2-428D-90FF-1C00BE902F17}.AppStore|x86.ActiveCfg = Debug|Any CPU
		{11181D0A-B0C2-428D-90FF-1C00BE902F17}.AppStore|x86.Build.0 = Debug|Any CPU
		{11181D0A-B0C2-428D-90FF-1C00BE902F17}.AppStore|x86.Deploy.0 = Debug|Any CPU
		{11181D0A-B0C2-428D-90FF-1C00BE902F17}.Debug|Any CPU.ActiveCfg = Debug|Any CPU
		{11181D0A-B0C2-428D-90FF-1C00BE902F17}.Debug|Any CPU.Build.0 = Debug|Any CPU
		{11181D0A-B0C2-428D-90FF-1C00BE902F17}.Debug|Any CPU.Deploy.0 = Debug|Any CPU
		{11181D0A-B0C2-428D-90FF-1C00BE902F17}.Debug|ARM.ActiveCfg = Debug|Any CPU
		{11181D0A-B0C2-428D-90FF-1C00BE902F17}.Debug|ARM.Build.0 = Debug|Any CPU
		{11181D0A-B0C2-428D-90FF-1C00BE902F17}.Debug|ARM.Deploy.0 = Debug|Any CPU
		{11181D0A-B0C2-428D-90FF-1C00BE902F17}.Debug|ARM64.ActiveCfg = Debug|Any CPU
		{11181D0A-B0C2-428D-90FF-1C00BE902F17}.Debug|ARM64.Build.0 = Debug|Any CPU
		{11181D0A-B0C2-428D-90FF-1C00BE902F17}.Debug|ARM64.Deploy.0 = Debug|Any CPU
		{11181D0A-B0C2-428D-90FF-1C00BE902F17}.Debug|iPhone.ActiveCfg = Debug|Any CPU
		{11181D0A-B0C2-428D-90FF-1C00BE902F17}.Debug|iPhone.Build.0 = Debug|Any CPU
		{11181D0A-B0C2-428D-90FF-1C00BE902F17}.Debug|iPhone.Deploy.0 = Debug|Any CPU
		{11181D0A-B0C2-428D-90FF-1C00BE902F17}.Debug|iPhoneSimulator.ActiveCfg = Debug|Any CPU
		{11181D0A-B0C2-428D-90FF-1C00BE902F17}.Debug|iPhoneSimulator.Build.0 = Debug|Any CPU
		{11181D0A-B0C2-428D-90FF-1C00BE902F17}.Debug|iPhoneSimulator.Deploy.0 = Debug|Any CPU
		{11181D0A-B0C2-428D-90FF-1C00BE902F17}.Debug|x64.ActiveCfg = Debug|Any CPU
		{11181D0A-B0C2-428D-90FF-1C00BE902F17}.Debug|x64.Build.0 = Debug|Any CPU
		{11181D0A-B0C2-428D-90FF-1C00BE902F17}.Debug|x64.Deploy.0 = Debug|Any CPU
		{11181D0A-B0C2-428D-90FF-1C00BE902F17}.Debug|x86.ActiveCfg = Debug|Any CPU
		{11181D0A-B0C2-428D-90FF-1C00BE902F17}.Debug|x86.Build.0 = Debug|Any CPU
		{11181D0A-B0C2-428D-90FF-1C00BE902F17}.Debug|x86.Deploy.0 = Debug|Any CPU
		{11181D0A-B0C2-428D-90FF-1C00BE902F17}.Release|Any CPU.ActiveCfg = Release|Any CPU
		{11181D0A-B0C2-428D-90FF-1C00BE902F17}.Release|Any CPU.Build.0 = Release|Any CPU
		{11181D0A-B0C2-428D-90FF-1C00BE902F17}.Release|Any CPU.Deploy.0 = Release|Any CPU
		{11181D0A-B0C2-428D-90FF-1C00BE902F17}.Release|ARM.ActiveCfg = Release|Any CPU
		{11181D0A-B0C2-428D-90FF-1C00BE902F17}.Release|ARM.Build.0 = Release|Any CPU
		{11181D0A-B0C2-428D-90FF-1C00BE902F17}.Release|ARM.Deploy.0 = Release|Any CPU
		{11181D0A-B0C2-428D-90FF-1C00BE902F17}.Release|ARM64.ActiveCfg = Release|Any CPU
		{11181D0A-B0C2-428D-90FF-1C00BE902F17}.Release|ARM64.Build.0 = Release|Any CPU
		{11181D0A-B0C2-428D-90FF-1C00BE902F17}.Release|ARM64.Deploy.0 = Release|Any CPU
		{11181D0A-B0C2-428D-90FF-1C00BE902F17}.Release|iPhone.ActiveCfg = Release|Any CPU
		{11181D0A-B0C2-428D-90FF-1C00BE902F17}.Release|iPhone.Build.0 = Release|Any CPU
		{11181D0A-B0C2-428D-90FF-1C00BE902F17}.Release|iPhone.Deploy.0 = Release|Any CPU
		{11181D0A-B0C2-428D-90FF-1C00BE902F17}.Release|iPhoneSimulator.ActiveCfg = Release|Any CPU
		{11181D0A-B0C2-428D-90FF-1C00BE902F17}.Release|iPhoneSimulator.Build.0 = Release|Any CPU
		{11181D0A-B0C2-428D-90FF-1C00BE902F17}.Release|iPhoneSimulator.Deploy.0 = Release|Any CPU
		{11181D0A-B0C2-428D-90FF-1C00BE902F17}.Release|x64.ActiveCfg = Release|Any CPU
		{11181D0A-B0C2-428D-90FF-1C00BE902F17}.Release|x64.Build.0 = Release|Any CPU
		{11181D0A-B0C2-428D-90FF-1C00BE902F17}.Release|x64.Deploy.0 = Release|Any CPU
		{11181D0A-B0C2-428D-90FF-1C00BE902F17}.Release|x86.ActiveCfg = Release|Any CPU
		{11181D0A-B0C2-428D-90FF-1C00BE902F17}.Release|x86.Build.0 = Release|Any CPU
		{11181D0A-B0C2-428D-90FF-1C00BE902F17}.Release|x86.Deploy.0 = Release|Any CPU
		{D4C0E0B1-F094-4B1A-A6DF-75CF082BBDED}.Ad-Hoc|Any CPU.ActiveCfg = Ad-Hoc|iPhoneSimulator
		{D4C0E0B1-F094-4B1A-A6DF-75CF082BBDED}.Ad-Hoc|ARM.ActiveCfg = Ad-Hoc|iPhoneSimulator
		{D4C0E0B1-F094-4B1A-A6DF-75CF082BBDED}.Ad-Hoc|ARM64.ActiveCfg = Ad-Hoc|iPhoneSimulator
		{D4C0E0B1-F094-4B1A-A6DF-75CF082BBDED}.Ad-Hoc|iPhone.ActiveCfg = Ad-Hoc|iPhone
		{D4C0E0B1-F094-4B1A-A6DF-75CF082BBDED}.Ad-Hoc|iPhone.Build.0 = Ad-Hoc|iPhone
		{D4C0E0B1-F094-4B1A-A6DF-75CF082BBDED}.Ad-Hoc|iPhoneSimulator.ActiveCfg = Ad-Hoc|iPhoneSimulator
		{D4C0E0B1-F094-4B1A-A6DF-75CF082BBDED}.Ad-Hoc|iPhoneSimulator.Build.0 = Ad-Hoc|iPhoneSimulator
		{D4C0E0B1-F094-4B1A-A6DF-75CF082BBDED}.Ad-Hoc|x64.ActiveCfg = Ad-Hoc|iPhoneSimulator
		{D4C0E0B1-F094-4B1A-A6DF-75CF082BBDED}.Ad-Hoc|x86.ActiveCfg = Ad-Hoc|iPhoneSimulator
		{D4C0E0B1-F094-4B1A-A6DF-75CF082BBDED}.AppStore|Any CPU.ActiveCfg = AppStore|iPhoneSimulator
		{D4C0E0B1-F094-4B1A-A6DF-75CF082BBDED}.AppStore|ARM.ActiveCfg = AppStore|iPhoneSimulator
		{D4C0E0B1-F094-4B1A-A6DF-75CF082BBDED}.AppStore|ARM64.ActiveCfg = AppStore|iPhoneSimulator
		{D4C0E0B1-F094-4B1A-A6DF-75CF082BBDED}.AppStore|iPhone.ActiveCfg = AppStore|iPhone
		{D4C0E0B1-F094-4B1A-A6DF-75CF082BBDED}.AppStore|iPhone.Build.0 = AppStore|iPhone
		{D4C0E0B1-F094-4B1A-A6DF-75CF082BBDED}.AppStore|iPhoneSimulator.ActiveCfg = AppStore|iPhoneSimulator
		{D4C0E0B1-F094-4B1A-A6DF-75CF082BBDED}.AppStore|iPhoneSimulator.Build.0 = AppStore|iPhoneSimulator
		{D4C0E0B1-F094-4B1A-A6DF-75CF082BBDED}.AppStore|x64.ActiveCfg = AppStore|iPhoneSimulator
		{D4C0E0B1-F094-4B1A-A6DF-75CF082BBDED}.AppStore|x86.ActiveCfg = AppStore|iPhoneSimulator
		{D4C0E0B1-F094-4B1A-A6DF-75CF082BBDED}.Debug|Any CPU.ActiveCfg = Debug|iPhoneSimulator
		{D4C0E0B1-F094-4B1A-A6DF-75CF082BBDED}.Debug|ARM.ActiveCfg = Debug|iPhoneSimulator
		{D4C0E0B1-F094-4B1A-A6DF-75CF082BBDED}.Debug|ARM64.ActiveCfg = Debug|iPhoneSimulator
		{D4C0E0B1-F094-4B1A-A6DF-75CF082BBDED}.Debug|iPhone.ActiveCfg = Debug|iPhone
		{D4C0E0B1-F094-4B1A-A6DF-75CF082BBDED}.Debug|iPhone.Build.0 = Debug|iPhone
		{D4C0E0B1-F094-4B1A-A6DF-75CF082BBDED}.Debug|iPhoneSimulator.ActiveCfg = Debug|iPhoneSimulator
		{D4C0E0B1-F094-4B1A-A6DF-75CF082BBDED}.Debug|iPhoneSimulator.Build.0 = Debug|iPhoneSimulator
		{D4C0E0B1-F094-4B1A-A6DF-75CF082BBDED}.Debug|x64.ActiveCfg = Debug|iPhoneSimulator
		{D4C0E0B1-F094-4B1A-A6DF-75CF082BBDED}.Debug|x86.ActiveCfg = Debug|iPhoneSimulator
		{D4C0E0B1-F094-4B1A-A6DF-75CF082BBDED}.Release|Any CPU.ActiveCfg = Release|iPhoneSimulator
		{D4C0E0B1-F094-4B1A-A6DF-75CF082BBDED}.Release|ARM.ActiveCfg = Release|iPhoneSimulator
		{D4C0E0B1-F094-4B1A-A6DF-75CF082BBDED}.Release|ARM64.ActiveCfg = Release|iPhoneSimulator
		{D4C0E0B1-F094-4B1A-A6DF-75CF082BBDED}.Release|iPhone.ActiveCfg = Release|iPhone
		{D4C0E0B1-F094-4B1A-A6DF-75CF082BBDED}.Release|iPhone.Build.0 = Release|iPhone
		{D4C0E0B1-F094-4B1A-A6DF-75CF082BBDED}.Release|iPhoneSimulator.ActiveCfg = Release|iPhoneSimulator
		{D4C0E0B1-F094-4B1A-A6DF-75CF082BBDED}.Release|iPhoneSimulator.Build.0 = Release|iPhoneSimulator
		{D4C0E0B1-F094-4B1A-A6DF-75CF082BBDED}.Release|x64.ActiveCfg = Release|iPhoneSimulator
		{D4C0E0B1-F094-4B1A-A6DF-75CF082BBDED}.Release|x86.ActiveCfg = Release|iPhoneSimulator
		{9D3CC384-8AE8-4315-A6DF-E2D1215FFCE2}.Ad-Hoc|Any CPU.ActiveCfg = Debug|x86
		{9D3CC384-8AE8-4315-A6DF-E2D1215FFCE2}.Ad-Hoc|Any CPU.Build.0 = Debug|x86
		{9D3CC384-8AE8-4315-A6DF-E2D1215FFCE2}.Ad-Hoc|Any CPU.Deploy.0 = Debug|x86
		{9D3CC384-8AE8-4315-A6DF-E2D1215FFCE2}.Ad-Hoc|ARM.ActiveCfg = Debug|ARM
		{9D3CC384-8AE8-4315-A6DF-E2D1215FFCE2}.Ad-Hoc|ARM.Build.0 = Debug|ARM
		{9D3CC384-8AE8-4315-A6DF-E2D1215FFCE2}.Ad-Hoc|ARM.Deploy.0 = Debug|ARM
		{9D3CC384-8AE8-4315-A6DF-E2D1215FFCE2}.Ad-Hoc|ARM64.ActiveCfg = Debug|ARM64
		{9D3CC384-8AE8-4315-A6DF-E2D1215FFCE2}.Ad-Hoc|ARM64.Build.0 = Debug|ARM64
		{9D3CC384-8AE8-4315-A6DF-E2D1215FFCE2}.Ad-Hoc|ARM64.Deploy.0 = Debug|ARM64
		{9D3CC384-8AE8-4315-A6DF-E2D1215FFCE2}.Ad-Hoc|iPhone.ActiveCfg = Debug|x86
		{9D3CC384-8AE8-4315-A6DF-E2D1215FFCE2}.Ad-Hoc|iPhone.Build.0 = Debug|x86
		{9D3CC384-8AE8-4315-A6DF-E2D1215FFCE2}.Ad-Hoc|iPhone.Deploy.0 = Debug|x86
		{9D3CC384-8AE8-4315-A6DF-E2D1215FFCE2}.Ad-Hoc|iPhoneSimulator.ActiveCfg = Debug|x86
		{9D3CC384-8AE8-4315-A6DF-E2D1215FFCE2}.Ad-Hoc|iPhoneSimulator.Build.0 = Debug|x86
		{9D3CC384-8AE8-4315-A6DF-E2D1215FFCE2}.Ad-Hoc|iPhoneSimulator.Deploy.0 = Debug|x86
		{9D3CC384-8AE8-4315-A6DF-E2D1215FFCE2}.Ad-Hoc|x64.ActiveCfg = Debug|x64
		{9D3CC384-8AE8-4315-A6DF-E2D1215FFCE2}.Ad-Hoc|x64.Build.0 = Debug|x64
		{9D3CC384-8AE8-4315-A6DF-E2D1215FFCE2}.Ad-Hoc|x64.Deploy.0 = Debug|x64
		{9D3CC384-8AE8-4315-A6DF-E2D1215FFCE2}.Ad-Hoc|x86.ActiveCfg = Debug|x86
		{9D3CC384-8AE8-4315-A6DF-E2D1215FFCE2}.Ad-Hoc|x86.Build.0 = Debug|x86
		{9D3CC384-8AE8-4315-A6DF-E2D1215FFCE2}.Ad-Hoc|x86.Deploy.0 = Debug|x86
		{9D3CC384-8AE8-4315-A6DF-E2D1215FFCE2}.AppStore|Any CPU.ActiveCfg = Debug|x86
		{9D3CC384-8AE8-4315-A6DF-E2D1215FFCE2}.AppStore|Any CPU.Build.0 = Debug|x86
		{9D3CC384-8AE8-4315-A6DF-E2D1215FFCE2}.AppStore|Any CPU.Deploy.0 = Debug|x86
		{9D3CC384-8AE8-4315-A6DF-E2D1215FFCE2}.AppStore|ARM.ActiveCfg = Debug|ARM
		{9D3CC384-8AE8-4315-A6DF-E2D1215FFCE2}.AppStore|ARM.Build.0 = Debug|ARM
		{9D3CC384-8AE8-4315-A6DF-E2D1215FFCE2}.AppStore|ARM.Deploy.0 = Debug|ARM
		{9D3CC384-8AE8-4315-A6DF-E2D1215FFCE2}.AppStore|ARM64.ActiveCfg = Debug|ARM64
		{9D3CC384-8AE8-4315-A6DF-E2D1215FFCE2}.AppStore|ARM64.Build.0 = Debug|ARM64
		{9D3CC384-8AE8-4315-A6DF-E2D1215FFCE2}.AppStore|ARM64.Deploy.0 = Debug|ARM64
		{9D3CC384-8AE8-4315-A6DF-E2D1215FFCE2}.AppStore|iPhone.ActiveCfg = Debug|x86
		{9D3CC384-8AE8-4315-A6DF-E2D1215FFCE2}.AppStore|iPhone.Build.0 = Debug|x86
		{9D3CC384-8AE8-4315-A6DF-E2D1215FFCE2}.AppStore|iPhone.Deploy.0 = Debug|x86
		{9D3CC384-8AE8-4315-A6DF-E2D1215FFCE2}.AppStore|iPhoneSimulator.ActiveCfg = Debug|x86
		{9D3CC384-8AE8-4315-A6DF-E2D1215FFCE2}.AppStore|iPhoneSimulator.Build.0 = Debug|x86
		{9D3CC384-8AE8-4315-A6DF-E2D1215FFCE2}.AppStore|iPhoneSimulator.Deploy.0 = Debug|x86
		{9D3CC384-8AE8-4315-A6DF-E2D1215FFCE2}.AppStore|x64.ActiveCfg = Debug|x64
		{9D3CC384-8AE8-4315-A6DF-E2D1215FFCE2}.AppStore|x64.Build.0 = Debug|x64
		{9D3CC384-8AE8-4315-A6DF-E2D1215FFCE2}.AppStore|x64.Deploy.0 = Debug|x64
		{9D3CC384-8AE8-4315-A6DF-E2D1215FFCE2}.AppStore|x86.ActiveCfg = Debug|x86
		{9D3CC384-8AE8-4315-A6DF-E2D1215FFCE2}.AppStore|x86.Build.0 = Debug|x86
		{9D3CC384-8AE8-4315-A6DF-E2D1215FFCE2}.AppStore|x86.Deploy.0 = Debug|x86
		{9D3CC384-8AE8-4315-A6DF-E2D1215FFCE2}.Debug|Any CPU.ActiveCfg = Debug|x86
		{9D3CC384-8AE8-4315-A6DF-E2D1215FFCE2}.Debug|Any CPU.Build.0 = Debug|x86
		{9D3CC384-8AE8-4315-A6DF-E2D1215FFCE2}.Debug|Any CPU.Deploy.0 = Debug|x86
		{9D3CC384-8AE8-4315-A6DF-E2D1215FFCE2}.Debug|ARM.ActiveCfg = Debug|ARM
		{9D3CC384-8AE8-4315-A6DF-E2D1215FFCE2}.Debug|ARM.Build.0 = Debug|ARM
		{9D3CC384-8AE8-4315-A6DF-E2D1215FFCE2}.Debug|ARM.Deploy.0 = Debug|ARM
		{9D3CC384-8AE8-4315-A6DF-E2D1215FFCE2}.Debug|ARM64.ActiveCfg = Debug|ARM64
		{9D3CC384-8AE8-4315-A6DF-E2D1215FFCE2}.Debug|ARM64.Build.0 = Debug|ARM64
		{9D3CC384-8AE8-4315-A6DF-E2D1215FFCE2}.Debug|ARM64.Deploy.0 = Debug|ARM64
		{9D3CC384-8AE8-4315-A6DF-E2D1215FFCE2}.Debug|iPhone.ActiveCfg = Debug|x86
		{9D3CC384-8AE8-4315-A6DF-E2D1215FFCE2}.Debug|iPhoneSimulator.ActiveCfg = Debug|x86
		{9D3CC384-8AE8-4315-A6DF-E2D1215FFCE2}.Debug|x64.ActiveCfg = Debug|x64
		{9D3CC384-8AE8-4315-A6DF-E2D1215FFCE2}.Debug|x64.Build.0 = Debug|x64
		{9D3CC384-8AE8-4315-A6DF-E2D1215FFCE2}.Debug|x64.Deploy.0 = Debug|x64
		{9D3CC384-8AE8-4315-A6DF-E2D1215FFCE2}.Debug|x86.ActiveCfg = Debug|x86
		{9D3CC384-8AE8-4315-A6DF-E2D1215FFCE2}.Debug|x86.Build.0 = Debug|x86
		{9D3CC384-8AE8-4315-A6DF-E2D1215FFCE2}.Debug|x86.Deploy.0 = Debug|x86
		{9D3CC384-8AE8-4315-A6DF-E2D1215FFCE2}.Release|Any CPU.ActiveCfg = Release|x86
		{9D3CC384-8AE8-4315-A6DF-E2D1215FFCE2}.Release|ARM.ActiveCfg = Release|ARM
		{9D3CC384-8AE8-4315-A6DF-E2D1215FFCE2}.Release|ARM.Build.0 = Release|ARM
		{9D3CC384-8AE8-4315-A6DF-E2D1215FFCE2}.Release|ARM.Deploy.0 = Release|ARM
		{9D3CC384-8AE8-4315-A6DF-E2D1215FFCE2}.Release|ARM64.ActiveCfg = Release|ARM64
		{9D3CC384-8AE8-4315-A6DF-E2D1215FFCE2}.Release|ARM64.Build.0 = Release|ARM64
		{9D3CC384-8AE8-4315-A6DF-E2D1215FFCE2}.Release|ARM64.Deploy.0 = Release|ARM64
		{9D3CC384-8AE8-4315-A6DF-E2D1215FFCE2}.Release|iPhone.ActiveCfg = Release|x86
		{9D3CC384-8AE8-4315-A6DF-E2D1215FFCE2}.Release|iPhoneSimulator.ActiveCfg = Release|x86
		{9D3CC384-8AE8-4315-A6DF-E2D1215FFCE2}.Release|x64.ActiveCfg = Release|x64
		{9D3CC384-8AE8-4315-A6DF-E2D1215FFCE2}.Release|x64.Build.0 = Release|x64
		{9D3CC384-8AE8-4315-A6DF-E2D1215FFCE2}.Release|x64.Deploy.0 = Release|x64
		{9D3CC384-8AE8-4315-A6DF-E2D1215FFCE2}.Release|x86.ActiveCfg = Release|x86
		{9D3CC384-8AE8-4315-A6DF-E2D1215FFCE2}.Release|x86.Build.0 = Release|x86
		{9D3CC384-8AE8-4315-A6DF-E2D1215FFCE2}.Release|x86.Deploy.0 = Release|x86
		{6787418C-0D7F-40FE-B64D-C325747FEBB6}.Ad-Hoc|Any CPU.ActiveCfg = Debug|Any CPU
		{6787418C-0D7F-40FE-B64D-C325747FEBB6}.Ad-Hoc|Any CPU.Build.0 = Debug|Any CPU
		{6787418C-0D7F-40FE-B64D-C325747FEBB6}.Ad-Hoc|ARM.ActiveCfg = Debug|Any CPU
		{6787418C-0D7F-40FE-B64D-C325747FEBB6}.Ad-Hoc|ARM.Build.0 = Debug|Any CPU
		{6787418C-0D7F-40FE-B64D-C325747FEBB6}.Ad-Hoc|ARM64.ActiveCfg = Debug|Any CPU
		{6787418C-0D7F-40FE-B64D-C325747FEBB6}.Ad-Hoc|ARM64.Build.0 = Debug|Any CPU
		{6787418C-0D7F-40FE-B64D-C325747FEBB6}.Ad-Hoc|iPhone.ActiveCfg = Debug|Any CPU
		{6787418C-0D7F-40FE-B64D-C325747FEBB6}.Ad-Hoc|iPhone.Build.0 = Debug|Any CPU
		{6787418C-0D7F-40FE-B64D-C325747FEBB6}.Ad-Hoc|iPhoneSimulator.ActiveCfg = Debug|Any CPU
		{6787418C-0D7F-40FE-B64D-C325747FEBB6}.Ad-Hoc|iPhoneSimulator.Build.0 = Debug|Any CPU
		{6787418C-0D7F-40FE-B64D-C325747FEBB6}.Ad-Hoc|x64.ActiveCfg = Debug|Any CPU
		{6787418C-0D7F-40FE-B64D-C325747FEBB6}.Ad-Hoc|x64.Build.0 = Debug|Any CPU
		{6787418C-0D7F-40FE-B64D-C325747FEBB6}.Ad-Hoc|x86.ActiveCfg = Debug|Any CPU
		{6787418C-0D7F-40FE-B64D-C325747FEBB6}.Ad-Hoc|x86.Build.0 = Debug|Any CPU
		{6787418C-0D7F-40FE-B64D-C325747FEBB6}.AppStore|Any CPU.ActiveCfg = Debug|Any CPU
		{6787418C-0D7F-40FE-B64D-C325747FEBB6}.AppStore|Any CPU.Build.0 = Debug|Any CPU
		{6787418C-0D7F-40FE-B64D-C325747FEBB6}.AppStore|ARM.ActiveCfg = Debug|Any CPU
		{6787418C-0D7F-40FE-B64D-C325747FEBB6}.AppStore|ARM.Build.0 = Debug|Any CPU
		{6787418C-0D7F-40FE-B64D-C325747FEBB6}.AppStore|ARM64.ActiveCfg = Debug|Any CPU
		{6787418C-0D7F-40FE-B64D-C325747FEBB6}.AppStore|ARM64.Build.0 = Debug|Any CPU
		{6787418C-0D7F-40FE-B64D-C325747FEBB6}.AppStore|iPhone.ActiveCfg = Debug|Any CPU
		{6787418C-0D7F-40FE-B64D-C325747FEBB6}.AppStore|iPhone.Build.0 = Debug|Any CPU
		{6787418C-0D7F-40FE-B64D-C325747FEBB6}.AppStore|iPhoneSimulator.ActiveCfg = Debug|Any CPU
		{6787418C-0D7F-40FE-B64D-C325747FEBB6}.AppStore|iPhoneSimulator.Build.0 = Debug|Any CPU
		{6787418C-0D7F-40FE-B64D-C325747FEBB6}.AppStore|x64.ActiveCfg = Debug|Any CPU
		{6787418C-0D7F-40FE-B64D-C325747FEBB6}.AppStore|x64.Build.0 = Debug|Any CPU
		{6787418C-0D7F-40FE-B64D-C325747FEBB6}.AppStore|x86.ActiveCfg = Debug|Any CPU
		{6787418C-0D7F-40FE-B64D-C325747FEBB6}.AppStore|x86.Build.0 = Debug|Any CPU
		{6787418C-0D7F-40FE-B64D-C325747FEBB6}.Debug|Any CPU.ActiveCfg = Debug|Any CPU
		{6787418C-0D7F-40FE-B64D-C325747FEBB6}.Debug|Any CPU.Build.0 = Debug|Any CPU
		{6787418C-0D7F-40FE-B64D-C325747FEBB6}.Debug|ARM.ActiveCfg = Debug|Any CPU
		{6787418C-0D7F-40FE-B64D-C325747FEBB6}.Debug|ARM.Build.0 = Debug|Any CPU
		{6787418C-0D7F-40FE-B64D-C325747FEBB6}.Debug|ARM64.ActiveCfg = Debug|Any CPU
		{6787418C-0D7F-40FE-B64D-C325747FEBB6}.Debug|ARM64.Build.0 = Debug|Any CPU
		{6787418C-0D7F-40FE-B64D-C325747FEBB6}.Debug|iPhone.ActiveCfg = Debug|Any CPU
		{6787418C-0D7F-40FE-B64D-C325747FEBB6}.Debug|iPhone.Build.0 = Debug|Any CPU
		{6787418C-0D7F-40FE-B64D-C325747FEBB6}.Debug|iPhoneSimulator.ActiveCfg = Debug|Any CPU
		{6787418C-0D7F-40FE-B64D-C325747FEBB6}.Debug|iPhoneSimulator.Build.0 = Debug|Any CPU
		{6787418C-0D7F-40FE-B64D-C325747FEBB6}.Debug|x64.ActiveCfg = Debug|Any CPU
		{6787418C-0D7F-40FE-B64D-C325747FEBB6}.Debug|x64.Build.0 = Debug|Any CPU
		{6787418C-0D7F-40FE-B64D-C325747FEBB6}.Debug|x86.ActiveCfg = Debug|Any CPU
		{6787418C-0D7F-40FE-B64D-C325747FEBB6}.Debug|x86.Build.0 = Debug|Any CPU
		{6787418C-0D7F-40FE-B64D-C325747FEBB6}.Release|Any CPU.ActiveCfg = Release|Any CPU
		{6787418C-0D7F-40FE-B64D-C325747FEBB6}.Release|Any CPU.Build.0 = Release|Any CPU
		{6787418C-0D7F-40FE-B64D-C325747FEBB6}.Release|ARM.ActiveCfg = Release|Any CPU
		{6787418C-0D7F-40FE-B64D-C325747FEBB6}.Release|ARM.Build.0 = Release|Any CPU
		{6787418C-0D7F-40FE-B64D-C325747FEBB6}.Release|ARM64.ActiveCfg = Release|Any CPU
		{6787418C-0D7F-40FE-B64D-C325747FEBB6}.Release|ARM64.Build.0 = Release|Any CPU
		{6787418C-0D7F-40FE-B64D-C325747FEBB6}.Release|iPhone.ActiveCfg = Release|Any CPU
		{6787418C-0D7F-40FE-B64D-C325747FEBB6}.Release|iPhone.Build.0 = Release|Any CPU
		{6787418C-0D7F-40FE-B64D-C325747FEBB6}.Release|iPhoneSimulator.ActiveCfg = Release|Any CPU
		{6787418C-0D7F-40FE-B64D-C325747FEBB6}.Release|iPhoneSimulator.Build.0 = Release|Any CPU
		{6787418C-0D7F-40FE-B64D-C325747FEBB6}.Release|x64.ActiveCfg = Release|Any CPU
		{6787418C-0D7F-40FE-B64D-C325747FEBB6}.Release|x64.Build.0 = Release|Any CPU
		{6787418C-0D7F-40FE-B64D-C325747FEBB6}.Release|x86.ActiveCfg = Release|Any CPU
		{6787418C-0D7F-40FE-B64D-C325747FEBB6}.Release|x86.Build.0 = Release|Any CPU
		{0BEA9F0D-D34D-4EFA-A411-333A9FE90F21}.Ad-Hoc|Any CPU.ActiveCfg = Debug|iPhoneSimulator
		{0BEA9F0D-D34D-4EFA-A411-333A9FE90F21}.Ad-Hoc|Any CPU.Build.0 = Debug|iPhoneSimulator
		{0BEA9F0D-D34D-4EFA-A411-333A9FE90F21}.Ad-Hoc|ARM.ActiveCfg = Debug|iPhoneSimulator
		{0BEA9F0D-D34D-4EFA-A411-333A9FE90F21}.Ad-Hoc|ARM.Build.0 = Debug|iPhoneSimulator
		{0BEA9F0D-D34D-4EFA-A411-333A9FE90F21}.Ad-Hoc|ARM64.ActiveCfg = Debug|iPhoneSimulator
		{0BEA9F0D-D34D-4EFA-A411-333A9FE90F21}.Ad-Hoc|ARM64.Build.0 = Debug|iPhoneSimulator
		{0BEA9F0D-D34D-4EFA-A411-333A9FE90F21}.Ad-Hoc|iPhone.ActiveCfg = Debug|iPhoneSimulator
		{0BEA9F0D-D34D-4EFA-A411-333A9FE90F21}.Ad-Hoc|iPhone.Build.0 = Debug|iPhoneSimulator
		{0BEA9F0D-D34D-4EFA-A411-333A9FE90F21}.Ad-Hoc|iPhoneSimulator.ActiveCfg = Debug|iPhoneSimulator
		{0BEA9F0D-D34D-4EFA-A411-333A9FE90F21}.Ad-Hoc|iPhoneSimulator.Build.0 = Debug|iPhoneSimulator
		{0BEA9F0D-D34D-4EFA-A411-333A9FE90F21}.Ad-Hoc|x64.ActiveCfg = Debug|iPhoneSimulator
		{0BEA9F0D-D34D-4EFA-A411-333A9FE90F21}.Ad-Hoc|x64.Build.0 = Debug|iPhoneSimulator
		{0BEA9F0D-D34D-4EFA-A411-333A9FE90F21}.Ad-Hoc|x86.ActiveCfg = Debug|iPhoneSimulator
		{0BEA9F0D-D34D-4EFA-A411-333A9FE90F21}.Ad-Hoc|x86.Build.0 = Debug|iPhoneSimulator
		{0BEA9F0D-D34D-4EFA-A411-333A9FE90F21}.AppStore|Any CPU.ActiveCfg = Debug|iPhoneSimulator
		{0BEA9F0D-D34D-4EFA-A411-333A9FE90F21}.AppStore|Any CPU.Build.0 = Debug|iPhoneSimulator
		{0BEA9F0D-D34D-4EFA-A411-333A9FE90F21}.AppStore|ARM.ActiveCfg = Debug|iPhoneSimulator
		{0BEA9F0D-D34D-4EFA-A411-333A9FE90F21}.AppStore|ARM.Build.0 = Debug|iPhoneSimulator
		{0BEA9F0D-D34D-4EFA-A411-333A9FE90F21}.AppStore|ARM64.ActiveCfg = Debug|iPhoneSimulator
		{0BEA9F0D-D34D-4EFA-A411-333A9FE90F21}.AppStore|ARM64.Build.0 = Debug|iPhoneSimulator
		{0BEA9F0D-D34D-4EFA-A411-333A9FE90F21}.AppStore|iPhone.ActiveCfg = Debug|iPhoneSimulator
		{0BEA9F0D-D34D-4EFA-A411-333A9FE90F21}.AppStore|iPhone.Build.0 = Debug|iPhoneSimulator
		{0BEA9F0D-D34D-4EFA-A411-333A9FE90F21}.AppStore|iPhoneSimulator.ActiveCfg = Debug|iPhoneSimulator
		{0BEA9F0D-D34D-4EFA-A411-333A9FE90F21}.AppStore|iPhoneSimulator.Build.0 = Debug|iPhoneSimulator
		{0BEA9F0D-D34D-4EFA-A411-333A9FE90F21}.AppStore|x64.ActiveCfg = Debug|iPhoneSimulator
		{0BEA9F0D-D34D-4EFA-A411-333A9FE90F21}.AppStore|x64.Build.0 = Debug|iPhoneSimulator
		{0BEA9F0D-D34D-4EFA-A411-333A9FE90F21}.AppStore|x86.ActiveCfg = Debug|iPhoneSimulator
		{0BEA9F0D-D34D-4EFA-A411-333A9FE90F21}.AppStore|x86.Build.0 = Debug|iPhoneSimulator
		{0BEA9F0D-D34D-4EFA-A411-333A9FE90F21}.Debug|Any CPU.ActiveCfg = Debug|iPhoneSimulator
		{0BEA9F0D-D34D-4EFA-A411-333A9FE90F21}.Debug|ARM.ActiveCfg = Debug|iPhoneSimulator
		{0BEA9F0D-D34D-4EFA-A411-333A9FE90F21}.Debug|ARM64.ActiveCfg = Debug|iPhoneSimulator
		{0BEA9F0D-D34D-4EFA-A411-333A9FE90F21}.Debug|iPhone.ActiveCfg = Debug|iPhoneSimulator
		{0BEA9F0D-D34D-4EFA-A411-333A9FE90F21}.Debug|iPhoneSimulator.ActiveCfg = Debug|iPhoneSimulator
		{0BEA9F0D-D34D-4EFA-A411-333A9FE90F21}.Debug|iPhoneSimulator.Build.0 = Debug|iPhoneSimulator
		{0BEA9F0D-D34D-4EFA-A411-333A9FE90F21}.Debug|x64.ActiveCfg = Debug|iPhoneSimulator
		{0BEA9F0D-D34D-4EFA-A411-333A9FE90F21}.Debug|x86.ActiveCfg = Debug|iPhoneSimulator
		{0BEA9F0D-D34D-4EFA-A411-333A9FE90F21}.Release|Any CPU.ActiveCfg = Release|iPhoneSimulator
		{0BEA9F0D-D34D-4EFA-A411-333A9FE90F21}.Release|ARM.ActiveCfg = Release|iPhoneSimulator
		{0BEA9F0D-D34D-4EFA-A411-333A9FE90F21}.Release|ARM64.ActiveCfg = Release|iPhoneSimulator
		{0BEA9F0D-D34D-4EFA-A411-333A9FE90F21}.Release|iPhone.ActiveCfg = Release|iPhoneSimulator
		{0BEA9F0D-D34D-4EFA-A411-333A9FE90F21}.Release|iPhoneSimulator.ActiveCfg = Release|iPhoneSimulator
		{0BEA9F0D-D34D-4EFA-A411-333A9FE90F21}.Release|iPhoneSimulator.Build.0 = Release|iPhoneSimulator
		{0BEA9F0D-D34D-4EFA-A411-333A9FE90F21}.Release|x64.ActiveCfg = Release|iPhoneSimulator
		{0BEA9F0D-D34D-4EFA-A411-333A9FE90F21}.Release|x86.ActiveCfg = Release|iPhoneSimulator
		{47E9B4B2-C479-4435-9C46-8F5841512023}.Ad-Hoc|Any CPU.ActiveCfg = Debug|Any CPU
		{47E9B4B2-C479-4435-9C46-8F5841512023}.Ad-Hoc|Any CPU.Build.0 = Debug|Any CPU
		{47E9B4B2-C479-4435-9C46-8F5841512023}.Ad-Hoc|ARM.ActiveCfg = Debug|Any CPU
		{47E9B4B2-C479-4435-9C46-8F5841512023}.Ad-Hoc|ARM.Build.0 = Debug|Any CPU
		{47E9B4B2-C479-4435-9C46-8F5841512023}.Ad-Hoc|ARM64.ActiveCfg = Debug|Any CPU
		{47E9B4B2-C479-4435-9C46-8F5841512023}.Ad-Hoc|ARM64.Build.0 = Debug|Any CPU
		{47E9B4B2-C479-4435-9C46-8F5841512023}.Ad-Hoc|iPhone.ActiveCfg = Debug|Any CPU
		{47E9B4B2-C479-4435-9C46-8F5841512023}.Ad-Hoc|iPhone.Build.0 = Debug|Any CPU
		{47E9B4B2-C479-4435-9C46-8F5841512023}.Ad-Hoc|iPhoneSimulator.ActiveCfg = Debug|Any CPU
		{47E9B4B2-C479-4435-9C46-8F5841512023}.Ad-Hoc|iPhoneSimulator.Build.0 = Debug|Any CPU
		{47E9B4B2-C479-4435-9C46-8F5841512023}.Ad-Hoc|x64.ActiveCfg = Debug|Any CPU
		{47E9B4B2-C479-4435-9C46-8F5841512023}.Ad-Hoc|x64.Build.0 = Debug|Any CPU
		{47E9B4B2-C479-4435-9C46-8F5841512023}.Ad-Hoc|x86.ActiveCfg = Debug|Any CPU
		{47E9B4B2-C479-4435-9C46-8F5841512023}.Ad-Hoc|x86.Build.0 = Debug|Any CPU
		{47E9B4B2-C479-4435-9C46-8F5841512023}.AppStore|Any CPU.ActiveCfg = Debug|Any CPU
		{47E9B4B2-C479-4435-9C46-8F5841512023}.AppStore|Any CPU.Build.0 = Debug|Any CPU
		{47E9B4B2-C479-4435-9C46-8F5841512023}.AppStore|ARM.ActiveCfg = Debug|Any CPU
		{47E9B4B2-C479-4435-9C46-8F5841512023}.AppStore|ARM.Build.0 = Debug|Any CPU
		{47E9B4B2-C479-4435-9C46-8F5841512023}.AppStore|ARM64.ActiveCfg = Debug|Any CPU
		{47E9B4B2-C479-4435-9C46-8F5841512023}.AppStore|ARM64.Build.0 = Debug|Any CPU
		{47E9B4B2-C479-4435-9C46-8F5841512023}.AppStore|iPhone.ActiveCfg = Debug|Any CPU
		{47E9B4B2-C479-4435-9C46-8F5841512023}.AppStore|iPhone.Build.0 = Debug|Any CPU
		{47E9B4B2-C479-4435-9C46-8F5841512023}.AppStore|iPhoneSimulator.ActiveCfg = Debug|Any CPU
		{47E9B4B2-C479-4435-9C46-8F5841512023}.AppStore|iPhoneSimulator.Build.0 = Debug|Any CPU
		{47E9B4B2-C479-4435-9C46-8F5841512023}.AppStore|x64.ActiveCfg = Debug|Any CPU
		{47E9B4B2-C479-4435-9C46-8F5841512023}.AppStore|x64.Build.0 = Debug|Any CPU
		{47E9B4B2-C479-4435-9C46-8F5841512023}.AppStore|x86.ActiveCfg = Debug|Any CPU
		{47E9B4B2-C479-4435-9C46-8F5841512023}.AppStore|x86.Build.0 = Debug|Any CPU
		{47E9B4B2-C479-4435-9C46-8F5841512023}.Debug|Any CPU.ActiveCfg = Debug|Any CPU
		{47E9B4B2-C479-4435-9C46-8F5841512023}.Debug|Any CPU.Build.0 = Debug|Any CPU
		{47E9B4B2-C479-4435-9C46-8F5841512023}.Debug|ARM.ActiveCfg = Debug|Any CPU
		{47E9B4B2-C479-4435-9C46-8F5841512023}.Debug|ARM.Build.0 = Debug|Any CPU
		{47E9B4B2-C479-4435-9C46-8F5841512023}.Debug|ARM64.ActiveCfg = Debug|Any CPU
		{47E9B4B2-C479-4435-9C46-8F5841512023}.Debug|ARM64.Build.0 = Debug|Any CPU
		{47E9B4B2-C479-4435-9C46-8F5841512023}.Debug|iPhone.ActiveCfg = Debug|Any CPU
		{47E9B4B2-C479-4435-9C46-8F5841512023}.Debug|iPhone.Build.0 = Debug|Any CPU
		{47E9B4B2-C479-4435-9C46-8F5841512023}.Debug|iPhoneSimulator.ActiveCfg = Debug|Any CPU
		{47E9B4B2-C479-4435-9C46-8F5841512023}.Debug|iPhoneSimulator.Build.0 = Debug|Any CPU
		{47E9B4B2-C479-4435-9C46-8F5841512023}.Debug|x64.ActiveCfg = Debug|Any CPU
		{47E9B4B2-C479-4435-9C46-8F5841512023}.Debug|x64.Build.0 = Debug|Any CPU
		{47E9B4B2-C479-4435-9C46-8F5841512023}.Debug|x86.ActiveCfg = Debug|Any CPU
		{47E9B4B2-C479-4435-9C46-8F5841512023}.Debug|x86.Build.0 = Debug|Any CPU
		{47E9B4B2-C479-4435-9C46-8F5841512023}.Release|Any CPU.ActiveCfg = Release|Any CPU
		{47E9B4B2-C479-4435-9C46-8F5841512023}.Release|Any CPU.Build.0 = Release|Any CPU
		{47E9B4B2-C479-4435-9C46-8F5841512023}.Release|ARM.ActiveCfg = Release|Any CPU
		{47E9B4B2-C479-4435-9C46-8F5841512023}.Release|ARM.Build.0 = Release|Any CPU
		{47E9B4B2-C479-4435-9C46-8F5841512023}.Release|ARM64.ActiveCfg = Release|Any CPU
		{47E9B4B2-C479-4435-9C46-8F5841512023}.Release|ARM64.Build.0 = Release|Any CPU
		{47E9B4B2-C479-4435-9C46-8F5841512023}.Release|iPhone.ActiveCfg = Release|Any CPU
		{47E9B4B2-C479-4435-9C46-8F5841512023}.Release|iPhone.Build.0 = Release|Any CPU
		{47E9B4B2-C479-4435-9C46-8F5841512023}.Release|iPhoneSimulator.ActiveCfg = Release|Any CPU
		{47E9B4B2-C479-4435-9C46-8F5841512023}.Release|iPhoneSimulator.Build.0 = Release|Any CPU
		{47E9B4B2-C479-4435-9C46-8F5841512023}.Release|x64.ActiveCfg = Release|Any CPU
		{47E9B4B2-C479-4435-9C46-8F5841512023}.Release|x64.Build.0 = Release|Any CPU
		{47E9B4B2-C479-4435-9C46-8F5841512023}.Release|x86.ActiveCfg = Release|Any CPU
		{47E9B4B2-C479-4435-9C46-8F5841512023}.Release|x86.Build.0 = Release|Any CPU
		{095EDF98-2127-403C-9A1E-93EE01C12495}.Ad-Hoc|Any CPU.ActiveCfg = Debug|Any CPU
		{095EDF98-2127-403C-9A1E-93EE01C12495}.Ad-Hoc|Any CPU.Build.0 = Debug|Any CPU
		{095EDF98-2127-403C-9A1E-93EE01C12495}.Ad-Hoc|ARM.ActiveCfg = Debug|Any CPU
		{095EDF98-2127-403C-9A1E-93EE01C12495}.Ad-Hoc|ARM.Build.0 = Debug|Any CPU
		{095EDF98-2127-403C-9A1E-93EE01C12495}.Ad-Hoc|ARM64.ActiveCfg = Debug|Any CPU
		{095EDF98-2127-403C-9A1E-93EE01C12495}.Ad-Hoc|ARM64.Build.0 = Debug|Any CPU
		{095EDF98-2127-403C-9A1E-93EE01C12495}.Ad-Hoc|iPhone.ActiveCfg = Debug|Any CPU
		{095EDF98-2127-403C-9A1E-93EE01C12495}.Ad-Hoc|iPhone.Build.0 = Debug|Any CPU
		{095EDF98-2127-403C-9A1E-93EE01C12495}.Ad-Hoc|iPhoneSimulator.ActiveCfg = Debug|Any CPU
		{095EDF98-2127-403C-9A1E-93EE01C12495}.Ad-Hoc|iPhoneSimulator.Build.0 = Debug|Any CPU
		{095EDF98-2127-403C-9A1E-93EE01C12495}.Ad-Hoc|x64.ActiveCfg = Debug|Any CPU
		{095EDF98-2127-403C-9A1E-93EE01C12495}.Ad-Hoc|x64.Build.0 = Debug|Any CPU
		{095EDF98-2127-403C-9A1E-93EE01C12495}.Ad-Hoc|x86.ActiveCfg = Debug|Any CPU
		{095EDF98-2127-403C-9A1E-93EE01C12495}.Ad-Hoc|x86.Build.0 = Debug|Any CPU
		{095EDF98-2127-403C-9A1E-93EE01C12495}.AppStore|Any CPU.ActiveCfg = Debug|Any CPU
		{095EDF98-2127-403C-9A1E-93EE01C12495}.AppStore|Any CPU.Build.0 = Debug|Any CPU
		{095EDF98-2127-403C-9A1E-93EE01C12495}.AppStore|ARM.ActiveCfg = Debug|Any CPU
		{095EDF98-2127-403C-9A1E-93EE01C12495}.AppStore|ARM.Build.0 = Debug|Any CPU
		{095EDF98-2127-403C-9A1E-93EE01C12495}.AppStore|ARM64.ActiveCfg = Debug|Any CPU
		{095EDF98-2127-403C-9A1E-93EE01C12495}.AppStore|ARM64.Build.0 = Debug|Any CPU
		{095EDF98-2127-403C-9A1E-93EE01C12495}.AppStore|iPhone.ActiveCfg = Debug|Any CPU
		{095EDF98-2127-403C-9A1E-93EE01C12495}.AppStore|iPhone.Build.0 = Debug|Any CPU
		{095EDF98-2127-403C-9A1E-93EE01C12495}.AppStore|iPhoneSimulator.ActiveCfg = Debug|Any CPU
		{095EDF98-2127-403C-9A1E-93EE01C12495}.AppStore|iPhoneSimulator.Build.0 = Debug|Any CPU
		{095EDF98-2127-403C-9A1E-93EE01C12495}.AppStore|x64.ActiveCfg = Debug|Any CPU
		{095EDF98-2127-403C-9A1E-93EE01C12495}.AppStore|x64.Build.0 = Debug|Any CPU
		{095EDF98-2127-403C-9A1E-93EE01C12495}.AppStore|x86.ActiveCfg = Debug|Any CPU
		{095EDF98-2127-403C-9A1E-93EE01C12495}.AppStore|x86.Build.0 = Debug|Any CPU
		{095EDF98-2127-403C-9A1E-93EE01C12495}.Debug|Any CPU.ActiveCfg = Debug|Any CPU
		{095EDF98-2127-403C-9A1E-93EE01C12495}.Debug|Any CPU.Build.0 = Debug|Any CPU
		{095EDF98-2127-403C-9A1E-93EE01C12495}.Debug|ARM.ActiveCfg = Debug|Any CPU
		{095EDF98-2127-403C-9A1E-93EE01C12495}.Debug|ARM.Build.0 = Debug|Any CPU
		{095EDF98-2127-403C-9A1E-93EE01C12495}.Debug|ARM64.ActiveCfg = Debug|Any CPU
		{095EDF98-2127-403C-9A1E-93EE01C12495}.Debug|ARM64.Build.0 = Debug|Any CPU
		{095EDF98-2127-403C-9A1E-93EE01C12495}.Debug|iPhone.ActiveCfg = Debug|Any CPU
		{095EDF98-2127-403C-9A1E-93EE01C12495}.Debug|iPhone.Build.0 = Debug|Any CPU
		{095EDF98-2127-403C-9A1E-93EE01C12495}.Debug|iPhoneSimulator.ActiveCfg = Debug|Any CPU
		{095EDF98-2127-403C-9A1E-93EE01C12495}.Debug|iPhoneSimulator.Build.0 = Debug|Any CPU
		{095EDF98-2127-403C-9A1E-93EE01C12495}.Debug|x64.ActiveCfg = Debug|Any CPU
		{095EDF98-2127-403C-9A1E-93EE01C12495}.Debug|x64.Build.0 = Debug|Any CPU
		{095EDF98-2127-403C-9A1E-93EE01C12495}.Debug|x86.ActiveCfg = Debug|Any CPU
		{095EDF98-2127-403C-9A1E-93EE01C12495}.Debug|x86.Build.0 = Debug|Any CPU
		{095EDF98-2127-403C-9A1E-93EE01C12495}.Release|Any CPU.ActiveCfg = Release|Any CPU
		{095EDF98-2127-403C-9A1E-93EE01C12495}.Release|Any CPU.Build.0 = Release|Any CPU
		{095EDF98-2127-403C-9A1E-93EE01C12495}.Release|ARM.ActiveCfg = Release|Any CPU
		{095EDF98-2127-403C-9A1E-93EE01C12495}.Release|ARM.Build.0 = Release|Any CPU
		{095EDF98-2127-403C-9A1E-93EE01C12495}.Release|ARM64.ActiveCfg = Release|Any CPU
		{095EDF98-2127-403C-9A1E-93EE01C12495}.Release|ARM64.Build.0 = Release|Any CPU
		{095EDF98-2127-403C-9A1E-93EE01C12495}.Release|iPhone.ActiveCfg = Release|Any CPU
		{095EDF98-2127-403C-9A1E-93EE01C12495}.Release|iPhone.Build.0 = Release|Any CPU
		{095EDF98-2127-403C-9A1E-93EE01C12495}.Release|iPhoneSimulator.ActiveCfg = Release|Any CPU
		{095EDF98-2127-403C-9A1E-93EE01C12495}.Release|iPhoneSimulator.Build.0 = Release|Any CPU
		{095EDF98-2127-403C-9A1E-93EE01C12495}.Release|x64.ActiveCfg = Release|Any CPU
		{095EDF98-2127-403C-9A1E-93EE01C12495}.Release|x64.Build.0 = Release|Any CPU
		{095EDF98-2127-403C-9A1E-93EE01C12495}.Release|x86.ActiveCfg = Release|Any CPU
		{095EDF98-2127-403C-9A1E-93EE01C12495}.Release|x86.Build.0 = Release|Any CPU
		{56BCAEEF-2B4C-4D6C-BD76-35FA3828EFEC}.Ad-Hoc|Any CPU.ActiveCfg = Debug|Any CPU
		{56BCAEEF-2B4C-4D6C-BD76-35FA3828EFEC}.Ad-Hoc|Any CPU.Build.0 = Debug|Any CPU
		{56BCAEEF-2B4C-4D6C-BD76-35FA3828EFEC}.Ad-Hoc|ARM.ActiveCfg = Debug|Any CPU
		{56BCAEEF-2B4C-4D6C-BD76-35FA3828EFEC}.Ad-Hoc|ARM.Build.0 = Debug|Any CPU
		{56BCAEEF-2B4C-4D6C-BD76-35FA3828EFEC}.Ad-Hoc|ARM64.ActiveCfg = Debug|Any CPU
		{56BCAEEF-2B4C-4D6C-BD76-35FA3828EFEC}.Ad-Hoc|ARM64.Build.0 = Debug|Any CPU
		{56BCAEEF-2B4C-4D6C-BD76-35FA3828EFEC}.Ad-Hoc|iPhone.ActiveCfg = Debug|Any CPU
		{56BCAEEF-2B4C-4D6C-BD76-35FA3828EFEC}.Ad-Hoc|iPhone.Build.0 = Debug|Any CPU
		{56BCAEEF-2B4C-4D6C-BD76-35FA3828EFEC}.Ad-Hoc|iPhoneSimulator.ActiveCfg = Debug|Any CPU
		{56BCAEEF-2B4C-4D6C-BD76-35FA3828EFEC}.Ad-Hoc|iPhoneSimulator.Build.0 = Debug|Any CPU
		{56BCAEEF-2B4C-4D6C-BD76-35FA3828EFEC}.Ad-Hoc|x64.ActiveCfg = Debug|Any CPU
		{56BCAEEF-2B4C-4D6C-BD76-35FA3828EFEC}.Ad-Hoc|x64.Build.0 = Debug|Any CPU
		{56BCAEEF-2B4C-4D6C-BD76-35FA3828EFEC}.Ad-Hoc|x86.ActiveCfg = Debug|Any CPU
		{56BCAEEF-2B4C-4D6C-BD76-35FA3828EFEC}.Ad-Hoc|x86.Build.0 = Debug|Any CPU
		{56BCAEEF-2B4C-4D6C-BD76-35FA3828EFEC}.AppStore|Any CPU.ActiveCfg = Debug|Any CPU
		{56BCAEEF-2B4C-4D6C-BD76-35FA3828EFEC}.AppStore|Any CPU.Build.0 = Debug|Any CPU
		{56BCAEEF-2B4C-4D6C-BD76-35FA3828EFEC}.AppStore|ARM.ActiveCfg = Debug|Any CPU
		{56BCAEEF-2B4C-4D6C-BD76-35FA3828EFEC}.AppStore|ARM.Build.0 = Debug|Any CPU
		{56BCAEEF-2B4C-4D6C-BD76-35FA3828EFEC}.AppStore|ARM64.ActiveCfg = Debug|Any CPU
		{56BCAEEF-2B4C-4D6C-BD76-35FA3828EFEC}.AppStore|ARM64.Build.0 = Debug|Any CPU
		{56BCAEEF-2B4C-4D6C-BD76-35FA3828EFEC}.AppStore|iPhone.ActiveCfg = Debug|Any CPU
		{56BCAEEF-2B4C-4D6C-BD76-35FA3828EFEC}.AppStore|iPhone.Build.0 = Debug|Any CPU
		{56BCAEEF-2B4C-4D6C-BD76-35FA3828EFEC}.AppStore|iPhoneSimulator.ActiveCfg = Debug|Any CPU
		{56BCAEEF-2B4C-4D6C-BD76-35FA3828EFEC}.AppStore|iPhoneSimulator.Build.0 = Debug|Any CPU
		{56BCAEEF-2B4C-4D6C-BD76-35FA3828EFEC}.AppStore|x64.ActiveCfg = Debug|Any CPU
		{56BCAEEF-2B4C-4D6C-BD76-35FA3828EFEC}.AppStore|x64.Build.0 = Debug|Any CPU
		{56BCAEEF-2B4C-4D6C-BD76-35FA3828EFEC}.AppStore|x86.ActiveCfg = Debug|Any CPU
		{56BCAEEF-2B4C-4D6C-BD76-35FA3828EFEC}.AppStore|x86.Build.0 = Debug|Any CPU
		{56BCAEEF-2B4C-4D6C-BD76-35FA3828EFEC}.Debug|Any CPU.ActiveCfg = Debug|Any CPU
		{56BCAEEF-2B4C-4D6C-BD76-35FA3828EFEC}.Debug|Any CPU.Build.0 = Debug|Any CPU
		{56BCAEEF-2B4C-4D6C-BD76-35FA3828EFEC}.Debug|ARM.ActiveCfg = Debug|Any CPU
		{56BCAEEF-2B4C-4D6C-BD76-35FA3828EFEC}.Debug|ARM.Build.0 = Debug|Any CPU
		{56BCAEEF-2B4C-4D6C-BD76-35FA3828EFEC}.Debug|ARM64.ActiveCfg = Debug|Any CPU
		{56BCAEEF-2B4C-4D6C-BD76-35FA3828EFEC}.Debug|ARM64.Build.0 = Debug|Any CPU
		{56BCAEEF-2B4C-4D6C-BD76-35FA3828EFEC}.Debug|iPhone.ActiveCfg = Debug|Any CPU
		{56BCAEEF-2B4C-4D6C-BD76-35FA3828EFEC}.Debug|iPhone.Build.0 = Debug|Any CPU
		{56BCAEEF-2B4C-4D6C-BD76-35FA3828EFEC}.Debug|iPhoneSimulator.ActiveCfg = Debug|Any CPU
		{56BCAEEF-2B4C-4D6C-BD76-35FA3828EFEC}.Debug|iPhoneSimulator.Build.0 = Debug|Any CPU
		{56BCAEEF-2B4C-4D6C-BD76-35FA3828EFEC}.Debug|x64.ActiveCfg = Debug|Any CPU
		{56BCAEEF-2B4C-4D6C-BD76-35FA3828EFEC}.Debug|x64.Build.0 = Debug|Any CPU
		{56BCAEEF-2B4C-4D6C-BD76-35FA3828EFEC}.Debug|x86.ActiveCfg = Debug|Any CPU
		{56BCAEEF-2B4C-4D6C-BD76-35FA3828EFEC}.Debug|x86.Build.0 = Debug|Any CPU
		{56BCAEEF-2B4C-4D6C-BD76-35FA3828EFEC}.Release|Any CPU.ActiveCfg = Release|Any CPU
		{56BCAEEF-2B4C-4D6C-BD76-35FA3828EFEC}.Release|Any CPU.Build.0 = Release|Any CPU
		{56BCAEEF-2B4C-4D6C-BD76-35FA3828EFEC}.Release|ARM.ActiveCfg = Release|Any CPU
		{56BCAEEF-2B4C-4D6C-BD76-35FA3828EFEC}.Release|ARM.Build.0 = Release|Any CPU
		{56BCAEEF-2B4C-4D6C-BD76-35FA3828EFEC}.Release|ARM64.ActiveCfg = Release|Any CPU
		{56BCAEEF-2B4C-4D6C-BD76-35FA3828EFEC}.Release|ARM64.Build.0 = Release|Any CPU
		{56BCAEEF-2B4C-4D6C-BD76-35FA3828EFEC}.Release|iPhone.ActiveCfg = Release|Any CPU
		{56BCAEEF-2B4C-4D6C-BD76-35FA3828EFEC}.Release|iPhone.Build.0 = Release|Any CPU
		{56BCAEEF-2B4C-4D6C-BD76-35FA3828EFEC}.Release|iPhoneSimulator.ActiveCfg = Release|Any CPU
		{56BCAEEF-2B4C-4D6C-BD76-35FA3828EFEC}.Release|iPhoneSimulator.Build.0 = Release|Any CPU
		{56BCAEEF-2B4C-4D6C-BD76-35FA3828EFEC}.Release|x64.ActiveCfg = Release|Any CPU
		{56BCAEEF-2B4C-4D6C-BD76-35FA3828EFEC}.Release|x64.Build.0 = Release|Any CPU
		{56BCAEEF-2B4C-4D6C-BD76-35FA3828EFEC}.Release|x86.ActiveCfg = Release|Any CPU
		{56BCAEEF-2B4C-4D6C-BD76-35FA3828EFEC}.Release|x86.Build.0 = Release|Any CPU
		{A332A351-1336-4B2E-9191-93CAF44AFD58}.Ad-Hoc|Any CPU.ActiveCfg = Debug|Any CPU
		{A332A351-1336-4B2E-9191-93CAF44AFD58}.Ad-Hoc|Any CPU.Build.0 = Debug|Any CPU
		{A332A351-1336-4B2E-9191-93CAF44AFD58}.Ad-Hoc|ARM.ActiveCfg = Debug|Any CPU
		{A332A351-1336-4B2E-9191-93CAF44AFD58}.Ad-Hoc|ARM.Build.0 = Debug|Any CPU
		{A332A351-1336-4B2E-9191-93CAF44AFD58}.Ad-Hoc|ARM64.ActiveCfg = Debug|Any CPU
		{A332A351-1336-4B2E-9191-93CAF44AFD58}.Ad-Hoc|ARM64.Build.0 = Debug|Any CPU
		{A332A351-1336-4B2E-9191-93CAF44AFD58}.Ad-Hoc|iPhone.ActiveCfg = Debug|Any CPU
		{A332A351-1336-4B2E-9191-93CAF44AFD58}.Ad-Hoc|iPhone.Build.0 = Debug|Any CPU
		{A332A351-1336-4B2E-9191-93CAF44AFD58}.Ad-Hoc|iPhoneSimulator.ActiveCfg = Debug|Any CPU
		{A332A351-1336-4B2E-9191-93CAF44AFD58}.Ad-Hoc|iPhoneSimulator.Build.0 = Debug|Any CPU
		{A332A351-1336-4B2E-9191-93CAF44AFD58}.Ad-Hoc|x64.ActiveCfg = Debug|Any CPU
		{A332A351-1336-4B2E-9191-93CAF44AFD58}.Ad-Hoc|x64.Build.0 = Debug|Any CPU
		{A332A351-1336-4B2E-9191-93CAF44AFD58}.Ad-Hoc|x86.ActiveCfg = Debug|Any CPU
		{A332A351-1336-4B2E-9191-93CAF44AFD58}.Ad-Hoc|x86.Build.0 = Debug|Any CPU
		{A332A351-1336-4B2E-9191-93CAF44AFD58}.AppStore|Any CPU.ActiveCfg = Debug|Any CPU
		{A332A351-1336-4B2E-9191-93CAF44AFD58}.AppStore|Any CPU.Build.0 = Debug|Any CPU
		{A332A351-1336-4B2E-9191-93CAF44AFD58}.AppStore|ARM.ActiveCfg = Debug|Any CPU
		{A332A351-1336-4B2E-9191-93CAF44AFD58}.AppStore|ARM.Build.0 = Debug|Any CPU
		{A332A351-1336-4B2E-9191-93CAF44AFD58}.AppStore|ARM64.ActiveCfg = Debug|Any CPU
		{A332A351-1336-4B2E-9191-93CAF44AFD58}.AppStore|ARM64.Build.0 = Debug|Any CPU
		{A332A351-1336-4B2E-9191-93CAF44AFD58}.AppStore|iPhone.ActiveCfg = Debug|Any CPU
		{A332A351-1336-4B2E-9191-93CAF44AFD58}.AppStore|iPhone.Build.0 = Debug|Any CPU
		{A332A351-1336-4B2E-9191-93CAF44AFD58}.AppStore|iPhoneSimulator.ActiveCfg = Debug|Any CPU
		{A332A351-1336-4B2E-9191-93CAF44AFD58}.AppStore|iPhoneSimulator.Build.0 = Debug|Any CPU
		{A332A351-1336-4B2E-9191-93CAF44AFD58}.AppStore|x64.ActiveCfg = Debug|Any CPU
		{A332A351-1336-4B2E-9191-93CAF44AFD58}.AppStore|x64.Build.0 = Debug|Any CPU
		{A332A351-1336-4B2E-9191-93CAF44AFD58}.AppStore|x86.ActiveCfg = Debug|Any CPU
		{A332A351-1336-4B2E-9191-93CAF44AFD58}.AppStore|x86.Build.0 = Debug|Any CPU
		{A332A351-1336-4B2E-9191-93CAF44AFD58}.Debug|Any CPU.ActiveCfg = Debug|Any CPU
		{A332A351-1336-4B2E-9191-93CAF44AFD58}.Debug|Any CPU.Build.0 = Debug|Any CPU
		{A332A351-1336-4B2E-9191-93CAF44AFD58}.Debug|ARM.ActiveCfg = Debug|Any CPU
		{A332A351-1336-4B2E-9191-93CAF44AFD58}.Debug|ARM.Build.0 = Debug|Any CPU
		{A332A351-1336-4B2E-9191-93CAF44AFD58}.Debug|ARM64.ActiveCfg = Debug|Any CPU
		{A332A351-1336-4B2E-9191-93CAF44AFD58}.Debug|ARM64.Build.0 = Debug|Any CPU
		{A332A351-1336-4B2E-9191-93CAF44AFD58}.Debug|iPhone.ActiveCfg = Debug|Any CPU
		{A332A351-1336-4B2E-9191-93CAF44AFD58}.Debug|iPhone.Build.0 = Debug|Any CPU
		{A332A351-1336-4B2E-9191-93CAF44AFD58}.Debug|iPhoneSimulator.ActiveCfg = Debug|Any CPU
		{A332A351-1336-4B2E-9191-93CAF44AFD58}.Debug|iPhoneSimulator.Build.0 = Debug|Any CPU
		{A332A351-1336-4B2E-9191-93CAF44AFD58}.Debug|x64.ActiveCfg = Debug|Any CPU
		{A332A351-1336-4B2E-9191-93CAF44AFD58}.Debug|x64.Build.0 = Debug|Any CPU
		{A332A351-1336-4B2E-9191-93CAF44AFD58}.Debug|x86.ActiveCfg = Debug|Any CPU
		{A332A351-1336-4B2E-9191-93CAF44AFD58}.Debug|x86.Build.0 = Debug|Any CPU
		{A332A351-1336-4B2E-9191-93CAF44AFD58}.Release|Any CPU.ActiveCfg = Release|Any CPU
		{A332A351-1336-4B2E-9191-93CAF44AFD58}.Release|Any CPU.Build.0 = Release|Any CPU
		{A332A351-1336-4B2E-9191-93CAF44AFD58}.Release|ARM.ActiveCfg = Release|Any CPU
		{A332A351-1336-4B2E-9191-93CAF44AFD58}.Release|ARM.Build.0 = Release|Any CPU
		{A332A351-1336-4B2E-9191-93CAF44AFD58}.Release|ARM64.ActiveCfg = Release|Any CPU
		{A332A351-1336-4B2E-9191-93CAF44AFD58}.Release|ARM64.Build.0 = Release|Any CPU
		{A332A351-1336-4B2E-9191-93CAF44AFD58}.Release|iPhone.ActiveCfg = Release|Any CPU
		{A332A351-1336-4B2E-9191-93CAF44AFD58}.Release|iPhone.Build.0 = Release|Any CPU
		{A332A351-1336-4B2E-9191-93CAF44AFD58}.Release|iPhoneSimulator.ActiveCfg = Release|Any CPU
		{A332A351-1336-4B2E-9191-93CAF44AFD58}.Release|iPhoneSimulator.Build.0 = Release|Any CPU
		{A332A351-1336-4B2E-9191-93CAF44AFD58}.Release|x64.ActiveCfg = Release|Any CPU
		{A332A351-1336-4B2E-9191-93CAF44AFD58}.Release|x64.Build.0 = Release|Any CPU
		{A332A351-1336-4B2E-9191-93CAF44AFD58}.Release|x86.ActiveCfg = Release|Any CPU
		{A332A351-1336-4B2E-9191-93CAF44AFD58}.Release|x86.Build.0 = Release|Any CPU
	EndGlobalSection
	GlobalSection(SolutionProperties) = preSolution
		HideSolutionNode = FALSE
	EndGlobalSection
	GlobalSection(NestedProjects) = preSolution
		{11181D0A-B0C2-428D-90FF-1C00BE902F17} = {C47AF156-21C8-4743-9A95-AF5E2341C3D5}
		{D4C0E0B1-F094-4B1A-A6DF-75CF082BBDED} = {C47AF156-21C8-4743-9A95-AF5E2341C3D5}
		{9D3CC384-8AE8-4315-A6DF-E2D1215FFCE2} = {C47AF156-21C8-4743-9A95-AF5E2341C3D5}
		{6787418C-0D7F-40FE-B64D-C325747FEBB6} = {C47AF156-21C8-4743-9A95-AF5E2341C3D5}
		{0BEA9F0D-D34D-4EFA-A411-333A9FE90F21} = {C47AF156-21C8-4743-9A95-AF5E2341C3D5}
		{47E9B4B2-C479-4435-9C46-8F5841512023} = {C47AF156-21C8-4743-9A95-AF5E2341C3D5}
		{095EDF98-2127-403C-9A1E-93EE01C12495} = {C47AF156-21C8-4743-9A95-AF5E2341C3D5}
		{56BCAEEF-2B4C-4D6C-BD76-35FA3828EFEC} = {C47AF156-21C8-4743-9A95-AF5E2341C3D5}
		{A332A351-1336-4B2E-9191-93CAF44AFD58} = {C47AF156-21C8-4743-9A95-AF5E2341C3D5}
	EndGlobalSection
	GlobalSection(ExtensibilityGlobals) = postSolution
		SolutionGuid = {E8E85600-FA12-4BE1-A805-5162D6CE7C25}
	EndGlobalSection
EndGlobal
